{
  "name": "polychat.js",
  "version": "1.0.0",
  "lockfileVersion": 2,
  "requires": true,
  "packages": {
    "": {
      "name": "polychat.js",
      "version": "1.0.0",
      "license": "ISC",
      "dependencies": {
        "crashreporter": "^1.1.0",
        "discord.js": "^14.6.0",
        "protobufjs": "^7.1.2"
      }
    },
    "node_modules/@discordjs/builders": {
      "version": "1.3.0",
      "resolved": "https://registry.npmjs.org/@discordjs/builders/-/builders-1.3.0.tgz",
      "integrity": "sha512-Pvca6Nw8Hp+n3N+Wp17xjygXmMvggbh5ywUsOYE2Et4xkwwVRwgzxDJiMUuYapPtnYt4w/8aKlf5khc8ipLvhg==",
      "dependencies": {
        "@discordjs/util": "^0.1.0",
        "@sapphire/shapeshift": "^3.7.0",
        "discord-api-types": "^0.37.12",
        "fast-deep-equal": "^3.1.3",
        "ts-mixer": "^6.0.1",
        "tslib": "^2.4.0"
      },
      "engines": {
        "node": ">=16.9.0"
      }
    },
    "node_modules/@discordjs/collection": {
      "version": "1.2.0",
      "resolved": "https://registry.npmjs.org/@discordjs/collection/-/collection-1.2.0.tgz",
      "integrity": "sha512-VvrrtGb7vbfPHzbhGq9qZB5o8FOB+kfazrxdt0OtxzSkoBuw9dURMkCwWizZ00+rDpiK2HmLHBZX+y6JsG9khw==",
      "engines": {
        "node": ">=16.9.0"
      }
    },
    "node_modules/@discordjs/rest": {
      "version": "1.3.0",
      "resolved": "https://registry.npmjs.org/@discordjs/rest/-/rest-1.3.0.tgz",
      "integrity": "sha512-U6X5J+r/MxYpPTlHFuPxXEf92aKsBaD2teBC7sWkKILIr30O8c9+XshfL7KFBCavnAqS/qE+PF9fgRilO3N44g==",
      "dependencies": {
        "@discordjs/collection": "^1.2.0",
        "@discordjs/util": "^0.1.0",
        "@sapphire/async-queue": "^1.5.0",
        "@sapphire/snowflake": "^3.2.2",
        "discord-api-types": "^0.37.12",
        "file-type": "^18.0.0",
        "tslib": "^2.4.0",
        "undici": "^5.11.0"
      },
      "engines": {
        "node": ">=16.9.0"
      }
    },
    "node_modules/@discordjs/util": {
      "version": "0.1.0",
      "resolved": "https://registry.npmjs.org/@discordjs/util/-/util-0.1.0.tgz",
      "integrity": "sha512-e7d+PaTLVQav6rOc2tojh2y6FE8S7REkqLldq1XF4soCx74XB/DIjbVbVLtBemf0nLW77ntz0v+o5DytKwFNLQ==",
      "engines": {
        "node": ">=16.9.0"
      }
    },
    "node_modules/@protobufjs/aspromise": {
      "version": "1.1.2",
      "resolved": "https://registry.npmjs.org/@protobufjs/aspromise/-/aspromise-1.1.2.tgz",
      "integrity": "sha512-j+gKExEuLmKwvz3OgROXtrJ2UG2x8Ch2YZUxahh+s1F2HZ+wAceUNLkvy6zKCPVRkU++ZWQrdxsUeQXmcg4uoQ=="
    },
    "node_modules/@protobufjs/base64": {
      "version": "1.1.2",
      "resolved": "https://registry.npmjs.org/@protobufjs/base64/-/base64-1.1.2.tgz",
      "integrity": "sha512-AZkcAA5vnN/v4PDqKyMR5lx7hZttPDgClv83E//FMNhR2TMcLUhfRUBHCmSl0oi9zMgDDqRUJkSxO3wm85+XLg=="
    },
    "node_modules/@protobufjs/codegen": {
      "version": "2.0.4",
      "resolved": "https://registry.npmjs.org/@protobufjs/codegen/-/codegen-2.0.4.tgz",
      "integrity": "sha512-YyFaikqM5sH0ziFZCN3xDC7zeGaB/d0IUb9CATugHWbd1FRFwWwt4ld4OYMPWu5a3Xe01mGAULCdqhMlPl29Jg=="
    },
    "node_modules/@protobufjs/eventemitter": {
      "version": "1.1.0",
      "resolved": "https://registry.npmjs.org/@protobufjs/eventemitter/-/eventemitter-1.1.0.tgz",
      "integrity": "sha512-j9ednRT81vYJ9OfVuXG6ERSTdEL1xVsNgqpkxMsbIabzSo3goCjDIveeGv5d03om39ML71RdmrGNjG5SReBP/Q=="
    },
    "node_modules/@protobufjs/fetch": {
      "version": "1.1.0",
      "resolved": "https://registry.npmjs.org/@protobufjs/fetch/-/fetch-1.1.0.tgz",
      "integrity": "sha512-lljVXpqXebpsijW71PZaCYeIcE5on1w5DlQy5WH6GLbFryLUrBD4932W/E2BSpfRJWseIL4v/KPgBFxDOIdKpQ==",
      "dependencies": {
        "@protobufjs/aspromise": "^1.1.1",
        "@protobufjs/inquire": "^1.1.0"
      }
    },
    "node_modules/@protobufjs/float": {
      "version": "1.0.2",
      "resolved": "https://registry.npmjs.org/@protobufjs/float/-/float-1.0.2.tgz",
      "integrity": "sha512-Ddb+kVXlXst9d+R9PfTIxh1EdNkgoRe5tOX6t01f1lYWOvJnSPDBlG241QLzcyPdoNTsblLUdujGSE4RzrTZGQ=="
    },
    "node_modules/@protobufjs/inquire": {
      "version": "1.1.0",
      "resolved": "https://registry.npmjs.org/@protobufjs/inquire/-/inquire-1.1.0.tgz",
      "integrity": "sha512-kdSefcPdruJiFMVSbn801t4vFK7KB/5gd2fYvrxhuJYg8ILrmn9SKSX2tZdV6V+ksulWqS7aXjBcRXl3wHoD9Q=="
    },
    "node_modules/@protobufjs/path": {
      "version": "1.1.2",
      "resolved": "https://registry.npmjs.org/@protobufjs/path/-/path-1.1.2.tgz",
      "integrity": "sha512-6JOcJ5Tm08dOHAbdR3GrvP+yUUfkjG5ePsHYczMFLq3ZmMkAD98cDgcT2iA1lJ9NVwFd4tH/iSSoe44YWkltEA=="
    },
    "node_modules/@protobufjs/pool": {
      "version": "1.1.0",
      "resolved": "https://registry.npmjs.org/@protobufjs/pool/-/pool-1.1.0.tgz",
      "integrity": "sha512-0kELaGSIDBKvcgS4zkjz1PeddatrjYcmMWOlAuAPwAeccUrPHdUqo/J6LiymHHEiJT5NrF1UVwxY14f+fy4WQw=="
    },
    "node_modules/@protobufjs/utf8": {
      "version": "1.1.0",
      "resolved": "https://registry.npmjs.org/@protobufjs/utf8/-/utf8-1.1.0.tgz",
      "integrity": "sha512-Vvn3zZrhQZkkBE8LSuW3em98c0FwgO4nxzv6OdSxPKJIEKY2bGbHn+mhGIPerzI4twdxaP8/0+06HBpwf345Lw=="
    },
    "node_modules/@sapphire/async-queue": {
      "version": "1.5.0",
      "resolved": "https://registry.npmjs.org/@sapphire/async-queue/-/async-queue-1.5.0.tgz",
      "integrity": "sha512-JkLdIsP8fPAdh9ZZjrbHWR/+mZj0wvKS5ICibcLrRI1j84UmLMshx5n9QmL8b95d4onJ2xxiyugTgSAX7AalmA==",
      "engines": {
        "node": ">=v14.0.0",
        "npm": ">=7.0.0"
      }
    },
    "node_modules/@sapphire/shapeshift": {
      "version": "3.7.0",
      "resolved": "https://registry.npmjs.org/@sapphire/shapeshift/-/shapeshift-3.7.0.tgz",
      "integrity": "sha512-A6vI1zJoxhjWo4grsxpBRBgk96SqSdjLX5WlzKp9H+bJbkM07mvwcbtbVAmUZHbi/OG3HLfiZ1rlw4BhH6tsBQ==",
      "dependencies": {
        "fast-deep-equal": "^3.1.3",
        "lodash.uniqwith": "^4.5.0"
      },
      "engines": {
        "node": ">=v14.0.0",
        "npm": ">=7.0.0"
      }
    },
    "node_modules/@sapphire/snowflake": {
      "version": "3.2.2",
      "resolved": "https://registry.npmjs.org/@sapphire/snowflake/-/snowflake-3.2.2.tgz",
      "integrity": "sha512-ula2O0kpSZtX9rKXNeQMrHwNd7E4jPDJYUXmEGTFdMRfyfMw+FPyh04oKMjAiDuOi64bYgVkOV3MjK+loImFhQ==",
      "engines": {
        "node": ">=v14.0.0",
        "npm": ">=7.0.0"
      }
    },
    "node_modules/@tokenizer/token": {
      "version": "0.3.0",
      "resolved": "https://registry.npmjs.org/@tokenizer/token/-/token-0.3.0.tgz",
      "integrity": "sha512-OvjF+z51L3ov0OyAU0duzsYuvO01PH7x4t6DJx+guahgTnBHkhJdG7soQeTSFLWN3efnHyibZ4Z8l2EuWwJN3A=="
    },
    "node_modules/@types/node": {
      "version": "18.7.21",
      "resolved": "https://registry.npmjs.org/@types/node/-/node-18.7.21.tgz",
      "integrity": "sha512-rLFzK5bhM0YPyCoTC8bolBjMk7bwnZ8qeZUBslBfjZQou2ssJdWslx9CZ8DGM+Dx7QXQiiTVZ/6QO6kwtHkZCA=="
    },
    "node_modules/@types/ws": {
      "version": "8.5.3",
      "resolved": "https://registry.npmjs.org/@types/ws/-/ws-8.5.3.tgz",
      "integrity": "sha512-6YOoWjruKj1uLf3INHH7D3qTXwFfEsg1kf3c0uDdSBJwfa/llkwIjrAGV7j7mVgGNbzTQ3HiHKKDXl6bJPD97w==",
      "dependencies": {
        "@types/node": "*"
      }
    },
    "node_modules/addressparser": {
      "version": "1.0.1",
      "resolved": "https://registry.npmjs.org/addressparser/-/addressparser-1.0.1.tgz",
      "integrity": "sha512-aQX7AISOMM7HFE0iZ3+YnD07oIeJqWGVnJ+ZIKaBZAk03ftmVYVqsGas/rbXKR21n4D/hKCSHypvcyOkds/xzg=="
    },
    "node_modules/buildmail": {
      "version": "4.0.1",
      "resolved": "https://registry.npmjs.org/buildmail/-/buildmail-4.0.1.tgz",
      "integrity": "sha512-PteB0jkrHMtrHaN5YSlEubdLBuYJQAq/ue11RC5uKpfWiTbxy4vqcvRWRgkHK09K+4fAjt2A6jl5D9k8/7imqg==",
      "deprecated": "This project is unmaintained",
      "dependencies": {
        "addressparser": "1.0.1",
        "libbase64": "0.1.0",
        "libmime": "3.0.0",
        "libqp": "1.1.0",
        "nodemailer-fetch": "1.6.0",
        "nodemailer-shared": "1.1.0",
        "punycode": "1.4.1"
      }
    },
    "node_modules/busboy": {
      "version": "1.6.0",
      "resolved": "https://registry.npmjs.org/busboy/-/busboy-1.6.0.tgz",
      "integrity": "sha512-8SFQbg/0hQ9xy3UNTB0YEnsNBbWfhf7RtnzpL7TkBiTBRfrQ9Fxcnz7VJsleJpyp6rVLvXiuORqjlHi5q+PYuA==",
      "dependencies": {
        "streamsearch": "^1.1.0"
      },
      "engines": {
        "node": ">=10.16.0"
      }
    },
    "node_modules/crashreporter": {
      "version": "1.1.0",
      "resolved": "https://registry.npmjs.org/crashreporter/-/crashreporter-1.1.0.tgz",
      "integrity": "sha512-u5MbMCUd7yQBHIcUvVRju53cVOG8DSBb7ZA+3Dt1R3NmIWa1f/pu8S5zVMUWq+Y6KWxpv9ROivlRB+UeHeDt9g==",
      "dependencies": {
        "mkdirp": "^0.5.1",
        "nodemailer": "^2.5.0"
      }
    },
    "node_modules/discord-api-types": {
      "version": "0.37.12",
      "resolved": "https://registry.npmjs.org/discord-api-types/-/discord-api-types-0.37.12.tgz",
      "integrity": "sha512-SMBP4V6/A9mE7shBQAiTxNWnQlYTdiKMGvc7G23neayxaTJeFYh5FviJSWUa0BTdXcph1h/jT03Nbyv5XgZkzw=="
    },
    "node_modules/discord.js": {
      "version": "14.6.0",
      "resolved": "https://registry.npmjs.org/discord.js/-/discord.js-14.6.0.tgz",
      "integrity": "sha512-On1K7xpJZRe0KsziIaDih2ksYPhgxym/ZqV45i1f3yig4vUotikqs7qp5oXiTzQ/UTiNRCixUWFTh7vA1YBCqw==",
      "dependencies": {
        "@discordjs/builders": "^1.3.0",
        "@discordjs/collection": "^1.2.0",
        "@discordjs/rest": "^1.3.0",
        "@discordjs/util": "^0.1.0",
        "@sapphire/snowflake": "^3.2.2",
        "@types/ws": "^8.5.3",
        "discord-api-types": "^0.37.12",
        "fast-deep-equal": "^3.1.3",
        "lodash.snakecase": "^4.1.1",
        "tslib": "^2.4.0",
        "undici": "^5.11.0",
        "ws": "^8.9.0"
      },
      "engines": {
        "node": ">=16.9.0"
      }
    },
    "node_modules/fast-deep-equal": {
      "version": "3.1.3",
      "resolved": "https://registry.npmjs.org/fast-deep-equal/-/fast-deep-equal-3.1.3.tgz",
      "integrity": "sha512-f3qQ9oQy9j2AhBe/H9VC91wLmKBCCU/gDOnKNAYG5hswO7BLKj09Hc5HYNz9cGI++xlpDCIgDaitVs03ATR84Q=="
    },
    "node_modules/file-type": {
      "version": "18.0.0",
      "resolved": "https://registry.npmjs.org/file-type/-/file-type-18.0.0.tgz",
      "integrity": "sha512-jjMwFpnW8PKofLE/4ohlhqwDk5k0NC6iy0UHAJFKoY1fQeGMN0GDdLgHQrvCbSpMwbqzoCZhRI5dETCZna5qVA==",
      "dependencies": {
        "readable-web-to-node-stream": "^3.0.2",
        "strtok3": "^7.0.0",
        "token-types": "^5.0.1"
      },
      "engines": {
        "node": ">=14.16"
      },
      "funding": {
        "url": "https://github.com/sindresorhus/file-type?sponsor=1"
      }
    },
    "node_modules/httpntlm": {
      "version": "1.6.1",
      "resolved": "https://registry.npmjs.org/httpntlm/-/httpntlm-1.6.1.tgz",
      "integrity": "sha512-Tcz3Ct9efvNqw3QdTl3h6IgRRlIQxwKkJELN/aAIGnzi2xvb3pDHdnMs8BrxWLV6OoT4DlVyhzSVhFt/tk0lIw==",
      "dependencies": {
        "httpreq": ">=0.4.22",
        "underscore": "~1.7.0"
      },
      "engines": {
        "node": ">=0.8.0"
      }
    },
    "node_modules/httpreq": {
      "version": "0.5.2",
      "resolved": "https://registry.npmjs.org/httpreq/-/httpreq-0.5.2.tgz",
      "integrity": "sha512-2Jm+x9WkExDOeFRrdBCBSpLPT5SokTcRHkunV3pjKmX/cx6av8zQ0WtHUMDrYb6O4hBFzNU6sxJEypvRUVYKnw==",
      "engines": {
        "node": ">= 6.15.1"
      }
    },
    "node_modules/iconv-lite": {
      "version": "0.4.15",
      "resolved": "https://registry.npmjs.org/iconv-lite/-/iconv-lite-0.4.15.tgz",
      "integrity": "sha512-RGR+c9Lm+tLsvU57FTJJtdbv2hQw42Yl2n26tVIBaYmZzLN+EGfroUugN/z9nJf9kOXd49hBmpoGr4FEm+A4pw==",
      "engines": {
        "node": ">=0.10.0"
      }
    },
    "node_modules/ieee754": {
      "version": "1.2.1",
      "resolved": "https://registry.npmjs.org/ieee754/-/ieee754-1.2.1.tgz",
      "integrity": "sha512-dcyqhDvX1C46lXZcVqCpK+FtMRQVdIMN6/Df5js2zouUsqG7I6sFxitIC+7KYK29KdXOLHdu9zL4sFnoVQnqaA==",
      "funding": [
        {
          "type": "github",
          "url": "https://github.com/sponsors/feross"
        },
        {
          "type": "patreon",
          "url": "https://www.patreon.com/feross"
        },
        {
          "type": "consulting",
          "url": "https://feross.org/support"
        }
      ]
    },
    "node_modules/inherits": {
      "version": "2.0.4",
      "resolved": "https://registry.npmjs.org/inherits/-/inherits-2.0.4.tgz",
      "integrity": "sha512-k/vGaX4/Yla3WzyMCvTQOXYeIHvqOKtnqBduzTHpzpQZzAskKMhZ2K+EnBiSM9zGSoIFeMpXKxa4dYeZIQqewQ=="
    },
    "node_modules/ip": {
      "version": "1.1.8",
      "resolved": "https://registry.npmjs.org/ip/-/ip-1.1.8.tgz",
      "integrity": "sha512-PuExPYUiu6qMBQb4l06ecm6T6ujzhmh+MeJcW9wa89PoAz5pvd4zPgN5WJV104mb6S2T1AwNIAaB70JNrLQWhg=="
    },
    "node_modules/libbase64": {
      "version": "0.1.0",
      "resolved": "https://registry.npmjs.org/libbase64/-/libbase64-0.1.0.tgz",
      "integrity": "sha512-B91jifmFw1DKEqEWstSpg1PbtUbBzR4yQAPT86kCQXBtud1AJVA+Z6RSklSrqmKe4q2eiEufgnhqJKPgozzfIQ=="
    },
    "node_modules/libmime": {
      "version": "3.0.0",
      "resolved": "https://registry.npmjs.org/libmime/-/libmime-3.0.0.tgz",
      "integrity": "sha512-o1VR5Qjw4i89trcJ+VOhomgqsztBWukQY9MQLV3aMEdtzMa+V6pBSz+0qO55+hTET2lpSOuDTj1Ke/X20D459w==",
      "dependencies": {
        "iconv-lite": "0.4.15",
        "libbase64": "0.1.0",
        "libqp": "1.1.0"
      }
    },
    "node_modules/libqp": {
      "version": "1.1.0",
      "resolved": "https://registry.npmjs.org/libqp/-/libqp-1.1.0.tgz",
      "integrity": "sha512-4Rgfa0hZpG++t1Vi2IiqXG9Ad1ig4QTmtuZF946QJP4bPqOYC78ixUXgz5TW/wE7lNaNKlplSYTxQ+fR2KZ0EA=="
    },
    "node_modules/lodash.snakecase": {
      "version": "4.1.1",
      "resolved": "https://registry.npmjs.org/lodash.snakecase/-/lodash.snakecase-4.1.1.tgz",
      "integrity": "sha512-QZ1d4xoBHYUeuouhEq3lk3Uq7ldgyFXGBhg04+oRLnIz8o9T65Eh+8YdroUwn846zchkA9yDsDl5CVVaV2nqYw=="
    },
    "node_modules/lodash.uniqwith": {
      "version": "4.5.0",
      "resolved": "https://registry.npmjs.org/lodash.uniqwith/-/lodash.uniqwith-4.5.0.tgz",
      "integrity": "sha512-7lYL8bLopMoy4CTICbxygAUq6CdRJ36vFc80DucPueUee+d5NBRxz3FdT9Pes/HEx5mPoT9jwnsEJWz1N7uq7Q=="
    },
    "node_modules/long": {
      "version": "5.2.0",
      "resolved": "https://registry.npmjs.org/long/-/long-5.2.0.tgz",
      "integrity": "sha512-9RTUNjK60eJbx3uz+TEGF7fUr29ZDxR5QzXcyDpeSfeH28S9ycINflOgOlppit5U+4kNTe83KQnMEerw7GmE8w=="
    },
    "node_modules/mailcomposer": {
      "version": "4.0.1",
      "resolved": "https://registry.npmjs.org/mailcomposer/-/mailcomposer-4.0.1.tgz",
      "integrity": "sha512-zNyqQCrJUrmeZiDEGLJ22NzAZrgOY3dCOJp7BohEzpPKUtDoljBKgy1Npl26VIi8MzNY6mDP0xC5+ovgzUxtQQ==",
      "deprecated": "This project is unmaintained",
      "dependencies": {
        "buildmail": "4.0.1",
        "libmime": "3.0.0"
      }
    },
    "node_modules/minimist": {
      "version": "1.2.6",
      "resolved": "https://registry.npmjs.org/minimist/-/minimist-1.2.6.tgz",
      "integrity": "sha512-Jsjnk4bw3YJqYzbdyBiNsPWHPfO++UGG749Cxs6peCu5Xg4nrena6OVxOYxrQTqww0Jmwt+Ref8rggumkTLz9Q=="
    },
    "node_modules/mkdirp": {
      "version": "0.5.6",
      "resolved": "https://registry.npmjs.org/mkdirp/-/mkdirp-0.5.6.tgz",
      "integrity": "sha512-FP+p8RB8OWpF3YZBCrP5gtADmtXApB5AMLn+vdyA+PyxCjrCs00mjyUozssO33cwDeT3wNGdLxJ5M//YqtHAJw==",
      "dependencies": {
        "minimist": "^1.2.6"
      },
      "bin": {
        "mkdirp": "bin/cmd.js"
      }
    },
    "node_modules/nodemailer": {
      "version": "2.7.2",
      "resolved": "https://registry.npmjs.org/nodemailer/-/nodemailer-2.7.2.tgz",
      "integrity": "sha512-Jb4iapCeJ9nXmDurMyzg262u/wIVGRVkwr36oU0o8hL7U4w9n9FibMZGtPU2NN8GeBEAk0BvJCD/vJaCXF6+7A==",
      "deprecated": "All versions below 4.0.1 of Nodemailer are deprecated. See https://nodemailer.com/status/",
      "dependencies": {
        "libmime": "3.0.0",
        "mailcomposer": "4.0.1",
        "nodemailer-direct-transport": "3.3.2",
        "nodemailer-shared": "1.1.0",
        "nodemailer-smtp-pool": "2.8.2",
        "nodemailer-smtp-transport": "2.7.2",
        "socks": "1.1.9"
      },
      "engines": {
        "node": ">=0.10.0"
      }
    },
    "node_modules/nodemailer-direct-transport": {
      "version": "3.3.2",
      "resolved": "https://registry.npmjs.org/nodemailer-direct-transport/-/nodemailer-direct-transport-3.3.2.tgz",
      "integrity": "sha512-vEMLWdUZP9NpbeabM8VTiB3Ar1R0ixASp/6DdKX372LK4USKB4Lq12/WCp69k/+kWk4RiCWWEGo57CcsXOs/bw==",
      "dependencies": {
        "nodemailer-shared": "1.1.0",
        "smtp-connection": "2.12.0"
      }
    },
    "node_modules/nodemailer-fetch": {
      "version": "1.6.0",
      "resolved": "https://registry.npmjs.org/nodemailer-fetch/-/nodemailer-fetch-1.6.0.tgz",
      "integrity": "sha512-P7S5CEVGAmDrrpn351aXOLYs1R/7fD5NamfMCHyi6WIkbjS2eeZUB/TkuvpOQr0bvRZicVqo59+8wbhR3yrJbQ=="
    },
    "node_modules/nodemailer-shared": {
      "version": "1.1.0",
      "resolved": "https://registry.npmjs.org/nodemailer-shared/-/nodemailer-shared-1.1.0.tgz",
      "integrity": "sha512-68xW5LSyPWv8R0GLm6veAvm7E+XFXkVgvE3FW0FGxNMMZqMkPFeGDVALfR1DPdSfcoO36PnW7q5AAOgFImEZGg==",
      "dependencies": {
        "nodemailer-fetch": "1.6.0"
      }
    },
    "node_modules/nodemailer-smtp-pool": {
      "version": "2.8.2",
      "resolved": "https://registry.npmjs.org/nodemailer-smtp-pool/-/nodemailer-smtp-pool-2.8.2.tgz",
      "integrity": "sha512-0Wlrz9UeSqkgb2ATcLx9t/TcM93MimptyNO6tD7vFhAZlw0wzAjRs6a+iRlwLdCarD/cXlaZ9ZNSG3vSUbCUvQ==",
      "dependencies": {
        "nodemailer-shared": "1.1.0",
        "nodemailer-wellknown": "0.1.10",
        "smtp-connection": "2.12.0"
      }
    },
    "node_modules/nodemailer-smtp-transport": {
      "version": "2.7.2",
      "resolved": "https://registry.npmjs.org/nodemailer-smtp-transport/-/nodemailer-smtp-transport-2.7.2.tgz",
      "integrity": "sha512-Gadz/w6IpmZIkfNbyxGKbJQLNaiizLuoJtcM7uu7L0EqqgGG0uxOL0PUPE5ioMp+FbDpP6mg+pG8bGvMLxKS1Q==",
      "dependencies": {
        "nodemailer-shared": "1.1.0",
        "nodemailer-wellknown": "0.1.10",
        "smtp-connection": "2.12.0"
      }
    },
    "node_modules/nodemailer-wellknown": {
      "version": "0.1.10",
      "resolved": "https://registry.npmjs.org/nodemailer-wellknown/-/nodemailer-wellknown-0.1.10.tgz",
      "integrity": "sha512-/VV4mjAEjfm2fn0loUvrpjvugw5rgurNjPO4WU24CuVSoeumsyLOTgaEWG8WoGdPxh1biOAp5JxDoy1hlA2zsw=="
    },
    "node_modules/peek-readable": {
      "version": "5.0.0",
      "resolved": "https://registry.npmjs.org/peek-readable/-/peek-readable-5.0.0.tgz",
      "integrity": "sha512-YtCKvLUOvwtMGmrniQPdO7MwPjgkFBtFIrmfSbYmYuq3tKDV/mcfAhBth1+C3ru7uXIZasc/pHnb+YDYNkkj4A==",
      "engines": {
        "node": ">=14.16"
      },
      "funding": {
        "type": "github",
        "url": "https://github.com/sponsors/Borewit"
      }
    },
    "node_modules/protobufjs": {
      "version": "7.1.2",
      "resolved": "https://registry.npmjs.org/protobufjs/-/protobufjs-7.1.2.tgz",
      "integrity": "sha512-4ZPTPkXCdel3+L81yw3dG6+Kq3umdWKh7Dc7GW/CpNk4SX3hK58iPCWeCyhVTDrbkNeKrYNZ7EojM5WDaEWTLQ==",
      "hasInstallScript": true,
      "dependencies": {
        "@protobufjs/aspromise": "^1.1.2",
        "@protobufjs/base64": "^1.1.2",
        "@protobufjs/codegen": "^2.0.4",
        "@protobufjs/eventemitter": "^1.1.0",
        "@protobufjs/fetch": "^1.1.0",
        "@protobufjs/float": "^1.0.2",
        "@protobufjs/inquire": "^1.1.0",
        "@protobufjs/path": "^1.1.2",
        "@protobufjs/pool": "^1.1.0",
        "@protobufjs/utf8": "^1.1.0",
        "@types/node": ">=13.7.0",
        "long": "^5.0.0"
      },
      "engines": {
        "node": ">=12.0.0"
      }
    },
    "node_modules/punycode": {
      "version": "1.4.1",
      "resolved": "https://registry.npmjs.org/punycode/-/punycode-1.4.1.tgz",
      "integrity": "sha512-jmYNElW7yvO7TV33CjSmvSiE2yco3bV2czu/OzDKdMNVZQWfxCblURLhf+47syQRBntjfLdd/H0egrzIG+oaFQ=="
    },
    "node_modules/readable-stream": {
      "version": "3.6.0",
      "resolved": "https://registry.npmjs.org/readable-stream/-/readable-stream-3.6.0.tgz",
      "integrity": "sha512-BViHy7LKeTz4oNnkcLJ+lVSL6vpiFeX6/d3oSH8zCW7UxP2onchk+vTGB143xuFjHS3deTgkKoXXymXqymiIdA==",
      "dependencies": {
        "inherits": "^2.0.3",
        "string_decoder": "^1.1.1",
        "util-deprecate": "^1.0.1"
      },
      "engines": {
        "node": ">= 6"
      }
    },
    "node_modules/readable-web-to-node-stream": {
      "version": "3.0.2",
      "resolved": "https://registry.npmjs.org/readable-web-to-node-stream/-/readable-web-to-node-stream-3.0.2.tgz",
      "integrity": "sha512-ePeK6cc1EcKLEhJFt/AebMCLL+GgSKhuygrZ/GLaKZYEecIgIECf4UaUuaByiGtzckwR4ain9VzUh95T1exYGw==",
      "dependencies": {
        "readable-stream": "^3.6.0"
      },
      "engines": {
        "node": ">=8"
      },
      "funding": {
        "type": "github",
        "url": "https://github.com/sponsors/Borewit"
      }
    },
    "node_modules/safe-buffer": {
      "version": "5.2.1",
      "resolved": "https://registry.npmjs.org/safe-buffer/-/safe-buffer-5.2.1.tgz",
      "integrity": "sha512-rp3So07KcdmmKbGvgaNxQSJr7bGVSVk5S9Eq1F+ppbRo70+YeaDxkw5Dd8NPN+GD6bjnYm2VuPuCXmpuYvmCXQ==",
      "funding": [
        {
          "type": "github",
          "url": "https://github.com/sponsors/feross"
        },
        {
          "type": "patreon",
          "url": "https://www.patreon.com/feross"
        },
        {
          "type": "consulting",
          "url": "https://feross.org/support"
        }
      ]
    },
    "node_modules/smart-buffer": {
      "version": "1.1.15",
      "resolved": "https://registry.npmjs.org/smart-buffer/-/smart-buffer-1.1.15.tgz",
      "integrity": "sha512-1+8bxygjTsNfvQe0/0pNBesTOlSHtOeG6b6LYbvsZCCHDKYZ40zcQo6YTnZBWrBSLWOCbrHljLdEmGMYebu7aQ==",
      "engines": {
        "node": ">= 0.10.15",
        "npm": ">= 1.3.5"
      }
    },
    "node_modules/smtp-connection": {
      "version": "2.12.0",
      "resolved": "https://registry.npmjs.org/smtp-connection/-/smtp-connection-2.12.0.tgz",
      "integrity": "sha512-UP5jK4s5SGcUcqPN4U9ingqKt9mXYSKa52YhqxPuMecAnUOsVJpOmtgGaOm1urUBJZlzDt1M9WhZZkgbhxQlvg==",
      "dependencies": {
        "httpntlm": "1.6.1",
        "nodemailer-shared": "1.1.0"
      }
    },
    "node_modules/socks": {
      "version": "1.1.9",
      "resolved": "https://registry.npmjs.org/socks/-/socks-1.1.9.tgz",
      "integrity": "sha512-EgVaUkNNlJ/Fi4USs0QV8JzTxOgRcBOszWQPwderdc27LhgF1VWOiB9D1VzLtenGuezlyVe9GhscFlnicFHvsA==",
      "deprecated": "If using 2.x branch, please upgrade to at least 2.1.6 to avoid a serious bug with socket data flow and an import issue introduced in 2.1.0",
      "dependencies": {
        "ip": "^1.1.2",
        "smart-buffer": "^1.0.4"
      },
      "engines": {
        "node": ">= 0.10.0",
        "npm": ">= 1.3.5"
      }
    },
    "node_modules/streamsearch": {
      "version": "1.1.0",
      "resolved": "https://registry.npmjs.org/streamsearch/-/streamsearch-1.1.0.tgz",
      "integrity": "sha512-Mcc5wHehp9aXz1ax6bZUyY5afg9u2rv5cqQI3mRrYkGC8rW2hM02jWuwjtL++LS5qinSyhj2QfLyNsuc+VsExg==",
      "engines": {
        "node": ">=10.0.0"
      }
    },
    "node_modules/string_decoder": {
      "version": "1.3.0",
      "resolved": "https://registry.npmjs.org/string_decoder/-/string_decoder-1.3.0.tgz",
      "integrity": "sha512-hkRX8U1WjJFd8LsDJ2yQ/wWWxaopEsABU1XfkM8A+j0+85JAGppt16cr1Whg6KIbb4okU6Mql6BOj+uup/wKeA==",
      "dependencies": {
        "safe-buffer": "~5.2.0"
      }
    },
    "node_modules/strtok3": {
      "version": "7.0.0",
      "resolved": "https://registry.npmjs.org/strtok3/-/strtok3-7.0.0.tgz",
      "integrity": "sha512-pQ+V+nYQdC5H3Q7qBZAz/MO6lwGhoC2gOAjuouGf/VO0m7vQRh8QNMl2Uf6SwAtzZ9bOw3UIeBukEGNJl5dtXQ==",
      "dependencies": {
        "@tokenizer/token": "^0.3.0",
        "peek-readable": "^5.0.0"
      },
      "engines": {
        "node": ">=14.16"
      },
      "funding": {
        "type": "github",
        "url": "https://github.com/sponsors/Borewit"
      }
    },
    "node_modules/token-types": {
      "version": "5.0.1",
      "resolved": "https://registry.npmjs.org/token-types/-/token-types-5.0.1.tgz",
      "integrity": "sha512-Y2fmSnZjQdDb9W4w4r1tswlMHylzWIeOKpx0aZH9BgGtACHhrk3OkT52AzwcuqTRBZtvvnTjDBh8eynMulu8Vg==",
      "dependencies": {
        "@tokenizer/token": "^0.3.0",
        "ieee754": "^1.2.1"
      },
      "engines": {
        "node": ">=14.16"
      },
      "funding": {
        "type": "github",
        "url": "https://github.com/sponsors/Borewit"
      }
    },
    "node_modules/ts-mixer": {
      "version": "6.0.1",
      "resolved": "https://registry.npmjs.org/ts-mixer/-/ts-mixer-6.0.1.tgz",
      "integrity": "sha512-hvE+ZYXuINrx6Ei6D6hz+PTim0Uf++dYbK9FFifLNwQj+RwKquhQpn868yZsCtJYiclZF1u8l6WZxxKi+vv7Rg=="
    },
    "node_modules/tslib": {
      "version": "2.4.0",
      "resolved": "https://registry.npmjs.org/tslib/-/tslib-2.4.0.tgz",
      "integrity": "sha512-d6xOpEDfsi2CZVlPQzGeux8XMwLT9hssAsaPYExaQMuYskwb+x1x7J371tWlbBdWHroy99KnVB6qIkUbs5X3UQ=="
    },
    "node_modules/underscore": {
      "version": "1.7.0",
      "resolved": "https://registry.npmjs.org/underscore/-/underscore-1.7.0.tgz",
      "integrity": "sha512-cp0oQQyZhUM1kpJDLdGO1jPZHgS/MpzoWYfe9+CM2h/QGDZlqwT2T3YGukuBdaNJ/CAPoeyAZRRHz8JFo176vA=="
    },
    "node_modules/undici": {
      "version": "5.11.0",
      "resolved": "https://registry.npmjs.org/undici/-/undici-5.11.0.tgz",
      "integrity": "sha512-oWjWJHzFet0Ow4YZBkyiJwiK5vWqEYoH7BINzJAJOLedZ++JpAlCbUktW2GQ2DS2FpKmxD/JMtWUUWl1BtghGw==",
      "dependencies": {
        "busboy": "^1.6.0"
      },
      "engines": {
        "node": ">=12.18"
      }
    },
    "node_modules/util-deprecate": {
      "version": "1.0.2",
      "resolved": "https://registry.npmjs.org/util-deprecate/-/util-deprecate-1.0.2.tgz",
      "integrity": "sha512-EPD5q1uXyFxJpCrLnCc1nHnq3gOa6DZBocAIiI2TaSCA7VCJ1UJDMagCzIkXNsUYfD1daK//LTEQ8xiIbrHtcw=="
    },
    "node_modules/ws": {
      "version": "8.9.0",
      "resolved": "https://registry.npmjs.org/ws/-/ws-8.9.0.tgz",
      "integrity": "sha512-Ja7nszREasGaYUYCI2k4lCKIRTt+y7XuqVoHR44YpI49TtryyqbqvDMn5eqfW7e6HzTukDRIsXqzVHScqRcafg==",
      "engines": {
        "node": ">=10.0.0"
      },
      "peerDependencies": {
        "bufferutil": "^4.0.1",
        "utf-8-validate": "^5.0.2"
      },
      "peerDependenciesMeta": {
        "bufferutil": {
          "optional": true
        },
        "utf-8-validate": {
          "optional": true
        }
      }
    }
  },
  "dependencies": {
    "@discordjs/builders": {
      "version": "1.3.0",
      "resolved": "https://registry.npmjs.org/@discordjs/builders/-/builders-1.3.0.tgz",
      "integrity": "sha512-Pvca6Nw8Hp+n3N+Wp17xjygXmMvggbh5ywUsOYE2Et4xkwwVRwgzxDJiMUuYapPtnYt4w/8aKlf5khc8ipLvhg==",
      "requires": {
        "@discordjs/util": "^0.1.0",
        "@sapphire/shapeshift": "^3.7.0",
        "discord-api-types": "^0.37.12",
        "fast-deep-equal": "^3.1.3",
        "ts-mixer": "^6.0.1",
        "tslib": "^2.4.0"
      }
    },
    "@discordjs/collection": {
      "version": "1.2.0",
      "resolved": "https://registry.npmjs.org/@discordjs/collection/-/collection-1.2.0.tgz",
      "integrity": "sha512-VvrrtGb7vbfPHzbhGq9qZB5o8FOB+kfazrxdt0OtxzSkoBuw9dURMkCwWizZ00+rDpiK2HmLHBZX+y6JsG9khw=="
    },
    "@discordjs/rest": {
      "version": "1.3.0",
      "resolved": "https://registry.npmjs.org/@discordjs/rest/-/rest-1.3.0.tgz",
      "integrity": "sha512-U6X5J+r/MxYpPTlHFuPxXEf92aKsBaD2teBC7sWkKILIr30O8c9+XshfL7KFBCavnAqS/qE+PF9fgRilO3N44g==",
      "requires": {
        "@discordjs/collection": "^1.2.0",
        "@discordjs/util": "^0.1.0",
        "@sapphire/async-queue": "^1.5.0",
        "@sapphire/snowflake": "^3.2.2",
        "discord-api-types": "^0.37.12",
        "file-type": "^18.0.0",
        "tslib": "^2.4.0",
        "undici": "^5.11.0"
      }
    },
    "@discordjs/util": {
      "version": "0.1.0",
      "resolved": "https://registry.npmjs.org/@discordjs/util/-/util-0.1.0.tgz",
      "integrity": "sha512-e7d+PaTLVQav6rOc2tojh2y6FE8S7REkqLldq1XF4soCx74XB/DIjbVbVLtBemf0nLW77ntz0v+o5DytKwFNLQ=="
    },
    "@protobufjs/aspromise": {
      "version": "1.1.2",
      "resolved": "https://registry.npmjs.org/@protobufjs/aspromise/-/aspromise-1.1.2.tgz",
      "integrity": "sha512-j+gKExEuLmKwvz3OgROXtrJ2UG2x8Ch2YZUxahh+s1F2HZ+wAceUNLkvy6zKCPVRkU++ZWQrdxsUeQXmcg4uoQ=="
    },
    "@protobufjs/base64": {
      "version": "1.1.2",
      "resolved": "https://registry.npmjs.org/@protobufjs/base64/-/base64-1.1.2.tgz",
      "integrity": "sha512-AZkcAA5vnN/v4PDqKyMR5lx7hZttPDgClv83E//FMNhR2TMcLUhfRUBHCmSl0oi9zMgDDqRUJkSxO3wm85+XLg=="
    },
    "@protobufjs/codegen": {
      "version": "2.0.4",
      "resolved": "https://registry.npmjs.org/@protobufjs/codegen/-/codegen-2.0.4.tgz",
      "integrity": "sha512-YyFaikqM5sH0ziFZCN3xDC7zeGaB/d0IUb9CATugHWbd1FRFwWwt4ld4OYMPWu5a3Xe01mGAULCdqhMlPl29Jg=="
    },
    "@protobufjs/eventemitter": {
      "version": "1.1.0",
      "resolved": "https://registry.npmjs.org/@protobufjs/eventemitter/-/eventemitter-1.1.0.tgz",
      "integrity": "sha512-j9ednRT81vYJ9OfVuXG6ERSTdEL1xVsNgqpkxMsbIabzSo3goCjDIveeGv5d03om39ML71RdmrGNjG5SReBP/Q=="
    },
    "@protobufjs/fetch": {
      "version": "1.1.0",
      "resolved": "https://registry.npmjs.org/@protobufjs/fetch/-/fetch-1.1.0.tgz",
      "integrity": "sha512-lljVXpqXebpsijW71PZaCYeIcE5on1w5DlQy5WH6GLbFryLUrBD4932W/E2BSpfRJWseIL4v/KPgBFxDOIdKpQ==",
      "requires": {
        "@protobufjs/aspromise": "^1.1.1",
        "@protobufjs/inquire": "^1.1.0"
      }
    },
    "@protobufjs/float": {
      "version": "1.0.2",
      "resolved": "https://registry.npmjs.org/@protobufjs/float/-/float-1.0.2.tgz",
      "integrity": "sha512-Ddb+kVXlXst9d+R9PfTIxh1EdNkgoRe5tOX6t01f1lYWOvJnSPDBlG241QLzcyPdoNTsblLUdujGSE4RzrTZGQ=="
    },
    "@protobufjs/inquire": {
      "version": "1.1.0",
      "resolved": "https://registry.npmjs.org/@protobufjs/inquire/-/inquire-1.1.0.tgz",
      "integrity": "sha512-kdSefcPdruJiFMVSbn801t4vFK7KB/5gd2fYvrxhuJYg8ILrmn9SKSX2tZdV6V+ksulWqS7aXjBcRXl3wHoD9Q=="
    },
    "@protobufjs/path": {
      "version": "1.1.2",
      "resolved": "https://registry.npmjs.org/@protobufjs/path/-/path-1.1.2.tgz",
      "integrity": "sha512-6JOcJ5Tm08dOHAbdR3GrvP+yUUfkjG5ePsHYczMFLq3ZmMkAD98cDgcT2iA1lJ9NVwFd4tH/iSSoe44YWkltEA=="
    },
    "@protobufjs/pool": {
      "version": "1.1.0",
      "resolved": "https://registry.npmjs.org/@protobufjs/pool/-/pool-1.1.0.tgz",
      "integrity": "sha512-0kELaGSIDBKvcgS4zkjz1PeddatrjYcmMWOlAuAPwAeccUrPHdUqo/J6LiymHHEiJT5NrF1UVwxY14f+fy4WQw=="
    },
    "@protobufjs/utf8": {
      "version": "1.1.0",
      "resolved": "https://registry.npmjs.org/@protobufjs/utf8/-/utf8-1.1.0.tgz",
      "integrity": "sha512-Vvn3zZrhQZkkBE8LSuW3em98c0FwgO4nxzv6OdSxPKJIEKY2bGbHn+mhGIPerzI4twdxaP8/0+06HBpwf345Lw=="
    },
    "@sapphire/async-queue": {
      "version": "1.5.0",
      "resolved": "https://registry.npmjs.org/@sapphire/async-queue/-/async-queue-1.5.0.tgz",
      "integrity": "sha512-JkLdIsP8fPAdh9ZZjrbHWR/+mZj0wvKS5ICibcLrRI1j84UmLMshx5n9QmL8b95d4onJ2xxiyugTgSAX7AalmA=="
    },
    "@sapphire/shapeshift": {
      "version": "3.7.0",
      "resolved": "https://registry.npmjs.org/@sapphire/shapeshift/-/shapeshift-3.7.0.tgz",
      "integrity": "sha512-A6vI1zJoxhjWo4grsxpBRBgk96SqSdjLX5WlzKp9H+bJbkM07mvwcbtbVAmUZHbi/OG3HLfiZ1rlw4BhH6tsBQ==",
      "requires": {
        "fast-deep-equal": "^3.1.3",
        "lodash.uniqwith": "^4.5.0"
      }
    },
    "@sapphire/snowflake": {
      "version": "3.2.2",
      "resolved": "https://registry.npmjs.org/@sapphire/snowflake/-/snowflake-3.2.2.tgz",
      "integrity": "sha512-ula2O0kpSZtX9rKXNeQMrHwNd7E4jPDJYUXmEGTFdMRfyfMw+FPyh04oKMjAiDuOi64bYgVkOV3MjK+loImFhQ=="
    },
    "@tokenizer/token": {
      "version": "0.3.0",
      "resolved": "https://registry.npmjs.org/@tokenizer/token/-/token-0.3.0.tgz",
      "integrity": "sha512-OvjF+z51L3ov0OyAU0duzsYuvO01PH7x4t6DJx+guahgTnBHkhJdG7soQeTSFLWN3efnHyibZ4Z8l2EuWwJN3A=="
    },
    "@types/node": {
      "version": "18.7.21",
      "resolved": "https://registry.npmjs.org/@types/node/-/node-18.7.21.tgz",
      "integrity": "sha512-rLFzK5bhM0YPyCoTC8bolBjMk7bwnZ8qeZUBslBfjZQou2ssJdWslx9CZ8DGM+Dx7QXQiiTVZ/6QO6kwtHkZCA=="
    },
    "@types/ws": {
      "version": "8.5.3",
      "resolved": "https://registry.npmjs.org/@types/ws/-/ws-8.5.3.tgz",
      "integrity": "sha512-6YOoWjruKj1uLf3INHH7D3qTXwFfEsg1kf3c0uDdSBJwfa/llkwIjrAGV7j7mVgGNbzTQ3HiHKKDXl6bJPD97w==",
      "requires": {
        "@types/node": "*"
      }
    },
    "addressparser": {
      "version": "1.0.1",
      "resolved": "https://registry.npmjs.org/addressparser/-/addressparser-1.0.1.tgz",
      "integrity": "sha512-aQX7AISOMM7HFE0iZ3+YnD07oIeJqWGVnJ+ZIKaBZAk03ftmVYVqsGas/rbXKR21n4D/hKCSHypvcyOkds/xzg=="
    },
    "buildmail": {
      "version": "4.0.1",
      "resolved": "https://registry.npmjs.org/buildmail/-/buildmail-4.0.1.tgz",
      "integrity": "sha512-PteB0jkrHMtrHaN5YSlEubdLBuYJQAq/ue11RC5uKpfWiTbxy4vqcvRWRgkHK09K+4fAjt2A6jl5D9k8/7imqg==",
      "requires": {
        "addressparser": "1.0.1",
        "libbase64": "0.1.0",
        "libmime": "3.0.0",
        "libqp": "1.1.0",
        "nodemailer-fetch": "1.6.0",
        "nodemailer-shared": "1.1.0",
        "punycode": "1.4.1"
      }
    },
    "busboy": {
      "version": "1.6.0",
      "resolved": "https://registry.npmjs.org/busboy/-/busboy-1.6.0.tgz",
      "integrity": "sha512-8SFQbg/0hQ9xy3UNTB0YEnsNBbWfhf7RtnzpL7TkBiTBRfrQ9Fxcnz7VJsleJpyp6rVLvXiuORqjlHi5q+PYuA==",
      "requires": {
        "streamsearch": "^1.1.0"
      }
    },
    "crashreporter": {
      "version": "1.1.0",
      "resolved": "https://registry.npmjs.org/crashreporter/-/crashreporter-1.1.0.tgz",
      "integrity": "sha512-u5MbMCUd7yQBHIcUvVRju53cVOG8DSBb7ZA+3Dt1R3NmIWa1f/pu8S5zVMUWq+Y6KWxpv9ROivlRB+UeHeDt9g==",
      "requires": {
        "mkdirp": "^0.5.1",
        "nodemailer": "^2.5.0"
      }
    },
    "discord-api-types": {
      "version": "0.37.12",
      "resolved": "https://registry.npmjs.org/discord-api-types/-/discord-api-types-0.37.12.tgz",
      "integrity": "sha512-SMBP4V6/A9mE7shBQAiTxNWnQlYTdiKMGvc7G23neayxaTJeFYh5FviJSWUa0BTdXcph1h/jT03Nbyv5XgZkzw=="
    },
    "discord.js": {
      "version": "14.6.0",
      "resolved": "https://registry.npmjs.org/discord.js/-/discord.js-14.6.0.tgz",
      "integrity": "sha512-On1K7xpJZRe0KsziIaDih2ksYPhgxym/ZqV45i1f3yig4vUotikqs7qp5oXiTzQ/UTiNRCixUWFTh7vA1YBCqw==",
      "requires": {
        "@discordjs/builders": "^1.3.0",
        "@discordjs/collection": "^1.2.0",
        "@discordjs/rest": "^1.3.0",
        "@discordjs/util": "^0.1.0",
        "@sapphire/snowflake": "^3.2.2",
        "@types/ws": "^8.5.3",
        "discord-api-types": "^0.37.12",
        "fast-deep-equal": "^3.1.3",
        "lodash.snakecase": "^4.1.1",
        "tslib": "^2.4.0",
        "undici": "^5.11.0",
        "ws": "^8.9.0"
      }
    },
    "fast-deep-equal": {
      "version": "3.1.3",
      "resolved": "https://registry.npmjs.org/fast-deep-equal/-/fast-deep-equal-3.1.3.tgz",
      "integrity": "sha512-f3qQ9oQy9j2AhBe/H9VC91wLmKBCCU/gDOnKNAYG5hswO7BLKj09Hc5HYNz9cGI++xlpDCIgDaitVs03ATR84Q=="
    },
    "file-type": {
      "version": "18.0.0",
      "resolved": "https://registry.npmjs.org/file-type/-/file-type-18.0.0.tgz",
      "integrity": "sha512-jjMwFpnW8PKofLE/4ohlhqwDk5k0NC6iy0UHAJFKoY1fQeGMN0GDdLgHQrvCbSpMwbqzoCZhRI5dETCZna5qVA==",
      "requires": {
        "readable-web-to-node-stream": "^3.0.2",
        "strtok3": "^7.0.0",
        "token-types": "^5.0.1"
      }
    },
    "httpntlm": {
      "version": "1.6.1",
      "resolved": "https://registry.npmjs.org/httpntlm/-/httpntlm-1.6.1.tgz",
      "integrity": "sha512-Tcz3Ct9efvNqw3QdTl3h6IgRRlIQxwKkJELN/aAIGnzi2xvb3pDHdnMs8BrxWLV6OoT4DlVyhzSVhFt/tk0lIw==",
      "requires": {
        "httpreq": ">=0.4.22",
        "underscore": "~1.7.0"
      }
    },
    "httpreq": {
      "version": "0.5.2",
      "resolved": "https://registry.npmjs.org/httpreq/-/httpreq-0.5.2.tgz",
      "integrity": "sha512-2Jm+x9WkExDOeFRrdBCBSpLPT5SokTcRHkunV3pjKmX/cx6av8zQ0WtHUMDrYb6O4hBFzNU6sxJEypvRUVYKnw=="
    },
    "iconv-lite": {
      "version": "0.4.15",
      "resolved": "https://registry.npmjs.org/iconv-lite/-/iconv-lite-0.4.15.tgz",
      "integrity": "sha512-RGR+c9Lm+tLsvU57FTJJtdbv2hQw42Yl2n26tVIBaYmZzLN+EGfroUugN/z9nJf9kOXd49hBmpoGr4FEm+A4pw=="
    },
    "ieee754": {
      "version": "1.2.1",
      "resolved": "https://registry.npmjs.org/ieee754/-/ieee754-1.2.1.tgz",
      "integrity": "sha512-dcyqhDvX1C46lXZcVqCpK+FtMRQVdIMN6/Df5js2zouUsqG7I6sFxitIC+7KYK29KdXOLHdu9zL4sFnoVQnqaA=="
    },
    "inherits": {
      "version": "2.0.4",
      "resolved": "https://registry.npmjs.org/inherits/-/inherits-2.0.4.tgz",
      "integrity": "sha512-k/vGaX4/Yla3WzyMCvTQOXYeIHvqOKtnqBduzTHpzpQZzAskKMhZ2K+EnBiSM9zGSoIFeMpXKxa4dYeZIQqewQ=="
    },
    "ip": {
      "version": "1.1.8",
      "resolved": "https://registry.npmjs.org/ip/-/ip-1.1.8.tgz",
      "integrity": "sha512-PuExPYUiu6qMBQb4l06ecm6T6ujzhmh+MeJcW9wa89PoAz5pvd4zPgN5WJV104mb6S2T1AwNIAaB70JNrLQWhg=="
    },
    "libbase64": {
      "version": "0.1.0",
      "resolved": "https://registry.npmjs.org/libbase64/-/libbase64-0.1.0.tgz",
      "integrity": "sha512-B91jifmFw1DKEqEWstSpg1PbtUbBzR4yQAPT86kCQXBtud1AJVA+Z6RSklSrqmKe4q2eiEufgnhqJKPgozzfIQ=="
    },
    "libmime": {
      "version": "3.0.0",
      "resolved": "https://registry.npmjs.org/libmime/-/libmime-3.0.0.tgz",
      "integrity": "sha512-o1VR5Qjw4i89trcJ+VOhomgqsztBWukQY9MQLV3aMEdtzMa+V6pBSz+0qO55+hTET2lpSOuDTj1Ke/X20D459w==",
      "requires": {
        "iconv-lite": "0.4.15",
        "libbase64": "0.1.0",
        "libqp": "1.1.0"
      }
    },
    "libqp": {
      "version": "1.1.0",
      "resolved": "https://registry.npmjs.org/libqp/-/libqp-1.1.0.tgz",
      "integrity": "sha512-4Rgfa0hZpG++t1Vi2IiqXG9Ad1ig4QTmtuZF946QJP4bPqOYC78ixUXgz5TW/wE7lNaNKlplSYTxQ+fR2KZ0EA=="
    },
    "lodash.snakecase": {
      "version": "4.1.1",
      "resolved": "https://registry.npmjs.org/lodash.snakecase/-/lodash.snakecase-4.1.1.tgz",
      "integrity": "sha512-QZ1d4xoBHYUeuouhEq3lk3Uq7ldgyFXGBhg04+oRLnIz8o9T65Eh+8YdroUwn846zchkA9yDsDl5CVVaV2nqYw=="
    },
    "lodash.uniqwith": {
      "version": "4.5.0",
      "resolved": "https://registry.npmjs.org/lodash.uniqwith/-/lodash.uniqwith-4.5.0.tgz",
      "integrity": "sha512-7lYL8bLopMoy4CTICbxygAUq6CdRJ36vFc80DucPueUee+d5NBRxz3FdT9Pes/HEx5mPoT9jwnsEJWz1N7uq7Q=="
    },
    "long": {
      "version": "5.2.0",
      "resolved": "https://registry.npmjs.org/long/-/long-5.2.0.tgz",
      "integrity": "sha512-9RTUNjK60eJbx3uz+TEGF7fUr29ZDxR5QzXcyDpeSfeH28S9ycINflOgOlppit5U+4kNTe83KQnMEerw7GmE8w=="
    },
    "mailcomposer": {
      "version": "4.0.1",
      "resolved": "https://registry.npmjs.org/mailcomposer/-/mailcomposer-4.0.1.tgz",
      "integrity": "sha512-zNyqQCrJUrmeZiDEGLJ22NzAZrgOY3dCOJp7BohEzpPKUtDoljBKgy1Npl26VIi8MzNY6mDP0xC5+ovgzUxtQQ==",
      "requires": {
        "buildmail": "4.0.1",
        "libmime": "3.0.0"
      }
    },
    "minimist": {
      "version": "1.2.6",
      "resolved": "https://registry.npmjs.org/minimist/-/minimist-1.2.6.tgz",
      "integrity": "sha512-Jsjnk4bw3YJqYzbdyBiNsPWHPfO++UGG749Cxs6peCu5Xg4nrena6OVxOYxrQTqww0Jmwt+Ref8rggumkTLz9Q=="
    },
    "mkdirp": {
      "version": "0.5.6",
      "resolved": "https://registry.npmjs.org/mkdirp/-/mkdirp-0.5.6.tgz",
      "integrity": "sha512-FP+p8RB8OWpF3YZBCrP5gtADmtXApB5AMLn+vdyA+PyxCjrCs00mjyUozssO33cwDeT3wNGdLxJ5M//YqtHAJw==",
      "requires": {
        "minimist": "^1.2.6"
      }
    },
    "nodemailer": {
      "version": "2.7.2",
      "resolved": "https://registry.npmjs.org/nodemailer/-/nodemailer-2.7.2.tgz",
      "integrity": "sha512-Jb4iapCeJ9nXmDurMyzg262u/wIVGRVkwr36oU0o8hL7U4w9n9FibMZGtPU2NN8GeBEAk0BvJCD/vJaCXF6+7A==",
      "requires": {
        "libmime": "3.0.0",
        "mailcomposer": "4.0.1",
        "nodemailer-direct-transport": "3.3.2",
        "nodemailer-shared": "1.1.0",
        "nodemailer-smtp-pool": "2.8.2",
        "nodemailer-smtp-transport": "2.7.2",
        "socks": "1.1.9"
      }
    },
    "nodemailer-direct-transport": {
      "version": "3.3.2",
      "resolved": "https://registry.npmjs.org/nodemailer-direct-transport/-/nodemailer-direct-transport-3.3.2.tgz",
      "integrity": "sha512-vEMLWdUZP9NpbeabM8VTiB3Ar1R0ixASp/6DdKX372LK4USKB4Lq12/WCp69k/+kWk4RiCWWEGo57CcsXOs/bw==",
      "requires": {
        "nodemailer-shared": "1.1.0",
        "smtp-connection": "2.12.0"
      }
    },
    "nodemailer-fetch": {
      "version": "1.6.0",
      "resolved": "https://registry.npmjs.org/nodemailer-fetch/-/nodemailer-fetch-1.6.0.tgz",
      "integrity": "sha512-P7S5CEVGAmDrrpn351aXOLYs1R/7fD5NamfMCHyi6WIkbjS2eeZUB/TkuvpOQr0bvRZicVqo59+8wbhR3yrJbQ=="
    },
    "nodemailer-shared": {
      "version": "1.1.0",
      "resolved": "https://registry.npmjs.org/nodemailer-shared/-/nodemailer-shared-1.1.0.tgz",
      "integrity": "sha512-68xW5LSyPWv8R0GLm6veAvm7E+XFXkVgvE3FW0FGxNMMZqMkPFeGDVALfR1DPdSfcoO36PnW7q5AAOgFImEZGg==",
      "requires": {
        "nodemailer-fetch": "1.6.0"
      }
    },
    "nodemailer-smtp-pool": {
      "version": "2.8.2",
      "resolved": "https://registry.npmjs.org/nodemailer-smtp-pool/-/nodemailer-smtp-pool-2.8.2.tgz",
      "integrity": "sha512-0Wlrz9UeSqkgb2ATcLx9t/TcM93MimptyNO6tD7vFhAZlw0wzAjRs6a+iRlwLdCarD/cXlaZ9ZNSG3vSUbCUvQ==",
      "requires": {
        "nodemailer-shared": "1.1.0",
        "nodemailer-wellknown": "0.1.10",
        "smtp-connection": "2.12.0"
      }
    },
    "nodemailer-smtp-transport": {
      "version": "2.7.2",
      "resolved": "https://registry.npmjs.org/nodemailer-smtp-transport/-/nodemailer-smtp-transport-2.7.2.tgz",
      "integrity": "sha512-Gadz/w6IpmZIkfNbyxGKbJQLNaiizLuoJtcM7uu7L0EqqgGG0uxOL0PUPE5ioMp+FbDpP6mg+pG8bGvMLxKS1Q==",
      "requires": {
        "nodemailer-shared": "1.1.0",
        "nodemailer-wellknown": "0.1.10",
        "smtp-connection": "2.12.0"
      }
    },
    "nodemailer-wellknown": {
      "version": "0.1.10",
      "resolved": "https://registry.npmjs.org/nodemailer-wellknown/-/nodemailer-wellknown-0.1.10.tgz",
      "integrity": "sha512-/VV4mjAEjfm2fn0loUvrpjvugw5rgurNjPO4WU24CuVSoeumsyLOTgaEWG8WoGdPxh1biOAp5JxDoy1hlA2zsw=="
    },
    "peek-readable": {
      "version": "5.0.0",
      "resolved": "https://registry.npmjs.org/peek-readable/-/peek-readable-5.0.0.tgz",
      "integrity": "sha512-YtCKvLUOvwtMGmrniQPdO7MwPjgkFBtFIrmfSbYmYuq3tKDV/mcfAhBth1+C3ru7uXIZasc/pHnb+YDYNkkj4A=="
    },
    "protobufjs": {
      "version": "7.1.2",
      "resolved": "https://registry.npmjs.org/protobufjs/-/protobufjs-7.1.2.tgz",
      "integrity": "sha512-4ZPTPkXCdel3+L81yw3dG6+Kq3umdWKh7Dc7GW/CpNk4SX3hK58iPCWeCyhVTDrbkNeKrYNZ7EojM5WDaEWTLQ==",
      "requires": {
        "@protobufjs/aspromise": "^1.1.2",
        "@protobufjs/base64": "^1.1.2",
        "@protobufjs/codegen": "^2.0.4",
        "@protobufjs/eventemitter": "^1.1.0",
        "@protobufjs/fetch": "^1.1.0",
        "@protobufjs/float": "^1.0.2",
        "@protobufjs/inquire": "^1.1.0",
        "@protobufjs/path": "^1.1.2",
        "@protobufjs/pool": "^1.1.0",
        "@protobufjs/utf8": "^1.1.0",
        "@types/node": ">=13.7.0",
        "long": "^5.0.0"
      }
    },
    "punycode": {
      "version": "1.4.1",
      "resolved": "https://registry.npmjs.org/punycode/-/punycode-1.4.1.tgz",
      "integrity": "sha512-jmYNElW7yvO7TV33CjSmvSiE2yco3bV2czu/OzDKdMNVZQWfxCblURLhf+47syQRBntjfLdd/H0egrzIG+oaFQ=="
    },
    "readable-stream": {
      "version": "3.6.0",
      "resolved": "https://registry.npmjs.org/readable-stream/-/readable-stream-3.6.0.tgz",
      "integrity": "sha512-BViHy7LKeTz4oNnkcLJ+lVSL6vpiFeX6/d3oSH8zCW7UxP2onchk+vTGB143xuFjHS3deTgkKoXXymXqymiIdA==",
      "requires": {
        "inherits": "^2.0.3",
        "string_decoder": "^1.1.1",
        "util-deprecate": "^1.0.1"
      }
    },
    "readable-web-to-node-stream": {
      "version": "3.0.2",
      "resolved": "https://registry.npmjs.org/readable-web-to-node-stream/-/readable-web-to-node-stream-3.0.2.tgz",
      "integrity": "sha512-ePeK6cc1EcKLEhJFt/AebMCLL+GgSKhuygrZ/GLaKZYEecIgIECf4UaUuaByiGtzckwR4ain9VzUh95T1exYGw==",
      "requires": {
        "readable-stream": "^3.6.0"
      }
    },
    "safe-buffer": {
      "version": "5.2.1",
      "resolved": "https://registry.npmjs.org/safe-buffer/-/safe-buffer-5.2.1.tgz",
      "integrity": "sha512-rp3So07KcdmmKbGvgaNxQSJr7bGVSVk5S9Eq1F+ppbRo70+YeaDxkw5Dd8NPN+GD6bjnYm2VuPuCXmpuYvmCXQ=="
    },
    "smart-buffer": {
      "version": "1.1.15",
      "resolved": "https://registry.npmjs.org/smart-buffer/-/smart-buffer-1.1.15.tgz",
      "integrity": "sha512-1+8bxygjTsNfvQe0/0pNBesTOlSHtOeG6b6LYbvsZCCHDKYZ40zcQo6YTnZBWrBSLWOCbrHljLdEmGMYebu7aQ=="
    },
    "smtp-connection": {
      "version": "2.12.0",
      "resolved": "https://registry.npmjs.org/smtp-connection/-/smtp-connection-2.12.0.tgz",
      "integrity": "sha512-UP5jK4s5SGcUcqPN4U9ingqKt9mXYSKa52YhqxPuMecAnUOsVJpOmtgGaOm1urUBJZlzDt1M9WhZZkgbhxQlvg==",
      "requires": {
        "httpntlm": "1.6.1",
        "nodemailer-shared": "1.1.0"
      }
    },
    "socks": {
      "version": "1.1.9",
      "resolved": "https://registry.npmjs.org/socks/-/socks-1.1.9.tgz",
      "integrity": "sha512-EgVaUkNNlJ/Fi4USs0QV8JzTxOgRcBOszWQPwderdc27LhgF1VWOiB9D1VzLtenGuezlyVe9GhscFlnicFHvsA==",
      "requires": {
        "ip": "^1.1.2",
        "smart-buffer": "^1.0.4"
      }
    },
    "streamsearch": {
      "version": "1.1.0",
      "resolved": "https://registry.npmjs.org/streamsearch/-/streamsearch-1.1.0.tgz",
      "integrity": "sha512-Mcc5wHehp9aXz1ax6bZUyY5afg9u2rv5cqQI3mRrYkGC8rW2hM02jWuwjtL++LS5qinSyhj2QfLyNsuc+VsExg=="
    },
    "string_decoder": {
      "version": "1.3.0",
      "resolved": "https://registry.npmjs.org/string_decoder/-/string_decoder-1.3.0.tgz",
      "integrity": "sha512-hkRX8U1WjJFd8LsDJ2yQ/wWWxaopEsABU1XfkM8A+j0+85JAGppt16cr1Whg6KIbb4okU6Mql6BOj+uup/wKeA==",
      "requires": {
        "safe-buffer": "~5.2.0"
      }
    },
    "strtok3": {
      "version": "7.0.0",
      "resolved": "https://registry.npmjs.org/strtok3/-/strtok3-7.0.0.tgz",
      "integrity": "sha512-pQ+V+nYQdC5H3Q7qBZAz/MO6lwGhoC2gOAjuouGf/VO0m7vQRh8QNMl2Uf6SwAtzZ9bOw3UIeBukEGNJl5dtXQ==",
      "requires": {
        "@tokenizer/token": "^0.3.0",
        "peek-readable": "^5.0.0"
      }
    },
    "token-types": {
      "version": "5.0.1",
      "resolved": "https://registry.npmjs.org/token-types/-/token-types-5.0.1.tgz",
      "integrity": "sha512-Y2fmSnZjQdDb9W4w4r1tswlMHylzWIeOKpx0aZH9BgGtACHhrk3OkT52AzwcuqTRBZtvvnTjDBh8eynMulu8Vg==",
      "requires": {
        "@tokenizer/token": "^0.3.0",
        "ieee754": "^1.2.1"
      }
    },
    "ts-mixer": {
      "version": "6.0.1",
      "resolved": "https://registry.npmjs.org/ts-mixer/-/ts-mixer-6.0.1.tgz",
      "integrity": "sha512-hvE+ZYXuINrx6Ei6D6hz+PTim0Uf++dYbK9FFifLNwQj+RwKquhQpn868yZsCtJYiclZF1u8l6WZxxKi+vv7Rg=="
    },
    "tslib": {
      "version": "2.4.0",
      "resolved": "https://registry.npmjs.org/tslib/-/tslib-2.4.0.tgz",
      "integrity": "sha512-d6xOpEDfsi2CZVlPQzGeux8XMwLT9hssAsaPYExaQMuYskwb+x1x7J371tWlbBdWHroy99KnVB6qIkUbs5X3UQ=="
    },
    "underscore": {
      "version": "1.7.0",
      "resolved": "https://registry.npmjs.org/underscore/-/underscore-1.7.0.tgz",
      "integrity": "sha512-cp0oQQyZhUM1kpJDLdGO1jPZHgS/MpzoWYfe9+CM2h/QGDZlqwT2T3YGukuBdaNJ/CAPoeyAZRRHz8JFo176vA=="
    },
    "undici": {
      "version": "5.11.0",
      "resolved": "https://registry.npmjs.org/undici/-/undici-5.11.0.tgz",
      "integrity": "sha512-oWjWJHzFet0Ow4YZBkyiJwiK5vWqEYoH7BINzJAJOLedZ++JpAlCbUktW2GQ2DS2FpKmxD/JMtWUUWl1BtghGw==",
      "requires": {
        "busboy": "^1.6.0"
      }
    },
    "util-deprecate": {
      "version": "1.0.2",
      "resolved": "https://registry.npmjs.org/util-deprecate/-/util-deprecate-1.0.2.tgz",
      "integrity": "sha512-EPD5q1uXyFxJpCrLnCc1nHnq3gOa6DZBocAIiI2TaSCA7VCJ1UJDMagCzIkXNsUYfD1daK//LTEQ8xiIbrHtcw=="
    },
    "ws": {
      "version": "8.9.0",
      "resolved": "https://registry.npmjs.org/ws/-/ws-8.9.0.tgz",
      "integrity": "sha512-Ja7nszREasGaYUYCI2k4lCKIRTt+y7XuqVoHR44YpI49TtryyqbqvDMn5eqfW7e6HzTukDRIsXqzVHScqRcafg==",
      "requires": {}
    }
  }
}
